
Microsoft Visual Studio Solution File, Format Version 12.00
Project("{FAE04EC0-301F-11D3-BF4B-00C04F79EFBC}") = "pdouelle.GenericController.Blobs", "pdouelle.GenericController.Blobs\pdouelle.GenericController.Blobs.csproj", "{C4AF4430-729C-4B77-AEFF-BC2776350135}"
EndProject
Project("{FAE04EC0-301F-11D3-BF4B-00C04F79EFBC}") = "pdouelle.GenericController.Blobs.Debug.Api", "pdouelle.GenericController.Blobs.Debug.Api\pdouelle.GenericController.Blobs.Debug.Api.csproj", "{D648FFD5-B717-4686-B912-7CDEA8059B94}"
EndProject
Global
	GlobalSection(SolutionConfigurationPlatforms) = preSolution
		Debug|Any CPU = Debug|Any CPU
		Release|Any CPU = Release|Any CPU
	EndGlobalSection
	GlobalSection(ProjectConfigurationPlatforms) = postSolution
		{C4AF4430-729C-4B77-AEFF-BC2776350135}.Debug|Any CPU.ActiveCfg = Debug|Any CPU
		{C4AF4430-729C-4B77-AEFF-BC2776350135}.Debug|Any CPU.Build.0 = Debug|Any CPU
		{C4AF4430-729C-4B77-AEFF-BC2776350135}.Release|Any CPU.ActiveCfg = Release|Any CPU
		{C4AF4430-729C-4B77-AEFF-BC2776350135}.Release|Any CPU.Build.0 = Release|Any CPU
		{D648FFD5-B717-4686-B912-7CDEA8059B94}.Debug|Any CPU.ActiveCfg = Debug|Any CPU
		{D648FFD5-B717-4686-B912-7CDEA8059B94}.Debug|Any CPU.Build.0 = Debug|Any CPU
		{D648FFD5-B717-4686-B912-7CDEA8059B94}.Release|Any CPU.ActiveCfg = Release|Any CPU
		{D648FFD5-B717-4686-B912-7CDEA8059B94}.Release|Any CPU.Build.0 = Release|Any CPU
	EndGlobalSection
EndGlobal
